// !$*UTF8*$!
{
	archiveVersion = 1;
	classes = {
	};
	objectVersion = 46;
	objects = {

/* Begin PBXBuildFile section */
		8B2E8EE51CA6D9AF005FAA04 /* AppDelegate.swift in Sources */ = {isa = PBXBuildFile; fileRef = 8B2E8EE41CA6D9AF005FAA04 /* AppDelegate.swift */; };
		8B2E8EE71CA6D9AF005FAA04 /* ViewController.swift in Sources */ = {isa = PBXBuildFile; fileRef = 8B2E8EE61CA6D9AF005FAA04 /* ViewController.swift */; };
		8B2E8EEA1CA6D9AF005FAA04 /* Main.storyboard in Resources */ = {isa = PBXBuildFile; fileRef = 8B2E8EE81CA6D9AF005FAA04 /* Main.storyboard */; };
		8B2E8EEC1CA6D9AF005FAA04 /* Assets.xcassets in Resources */ = {isa = PBXBuildFile; fileRef = 8B2E8EEB1CA6D9AF005FAA04 /* Assets.xcassets */; };
		8B2E8EEF1CA6D9AF005FAA04 /* LaunchScreen.storyboard in Resources */ = {isa = PBXBuildFile; fileRef = 8B2E8EED1CA6D9AF005FAA04 /* LaunchScreen.storyboard */; };
		8B2E8EF71CA6D9C6005FAA04 /* Datos.swift in Sources */ = {isa = PBXBuildFile; fileRef = 8B2E8EF61CA6D9C6005FAA04 /* Datos.swift */; };
		8B2E8EFD1CA6F27C005FAA04 /* Hamburguesa.png in Resources */ = {isa = PBXBuildFile; fileRef = 8B2E8EFC1CA6F27C005FAA04 /* Hamburguesa.png */; };
/* End PBXBuildFile section */

/* Begin PBXFileReference section */
		8B2E8EE11CA6D9AF005FAA04 /* Hamburguesas.app */ = {isa = PBXFileReference; explicitFileType = wrapper.application; includeInIndex = 0; path = Hamburguesas.app; sourceTree = BUILT_PRODUCTS_DIR; };
		8B2E8EE41CA6D9AF005FAA04 /* AppDelegate.swift */ = {isa = PBXFileReference; lastKnownFileType = sourcecode.swift; path = AppDelegate.swift; sourceTree = "<group>"; };
		8B2E8EE61CA6D9AF005FAA04 /* ViewController.swift */ = {isa = PBXFileReference; lastKnownFileType = sourcecode.swift; path = ViewController.swift; sourceTree = "<group>"; };
		8B2E8EE91CA6D9AF005FAA04 /* Base */ = {isa = PBXFileReference; lastKnownFileType = file.storyboard; name = Base; path = Base.lproj/Main.storyboard; sourceTree = "<group>"; };
		8B2E8EEB1CA6D9AF005FAA04 /* Assets.xcassets */ = {isa = PBXFileReference; lastKnownFileType = folder.assetcatalog; path = Assets.xcassets; sourceTree = "<group>"; };
		8B2E8EEE1CA6D9AF005FAA04 /* Base */ = {isa = PBXFileReference; lastKnownFileType = file.storyboard; name = Base; path = Base.lproj/LaunchScreen.storyboard; sourceTree = "<group>"; };
		8B2E8EF01CA6D9B0005FAA04 /* Info.plist */ = {isa = PBXFileReference; lastKnownFileType = text.plist.xml; path = Info.plist; sourceTree = "<group>"; };
		8B2E8EF61CA6D9C6005FAA04 /* Datos.swift */ = {isa = PBXFileReference; fileEncoding = 4; lastKnownFileType = sourcecode.swift; path = Datos.swift; sourceTree = "<group>"; };
		8B2E8EFC1CA6F27C005FAA04 /* Hamburguesa.png */ = {isa = PBXFileReference; lastKnownFileType = image.png; path = Hamburguesa.png; sourceTree = "<group>"; };
/* End PBXFileReference section */

/* Begin PBXFrameworksBuildPhase section */
		8B2E8EDE1CA6D9AF005FAA04 /* Frameworks */ = {
			isa = PBXFrameworksBuildPhase;
			buildActionMask = 2147483647;
			files = (
			);
			runOnlyForDeploymentPostprocessing = 0;
		};
/* End PBXFrameworksBuildPhase section */

/* Begin PBXGroup section */
		8B2E8ED81CA6D9AF005FAA04 = {
			isa = PBXGroup;
			children = (
				8B2E8EE31CA6D9AF005FAA04 /* Hamburguesas */,
				8B2E8EE21CA6D9AF005FAA04 /* Products */,
			);
			sourceTree = "<group>";
		};
		8B2E8EE21CA6D9AF005FAA04 /* Products */ = {
			isa = PBXGroup;
			children = (
				8B2E8EE11CA6D9AF005FAA04 /* Hamburguesas.app */,
			);
			name = Products;
			sourceTree = "<group>";
		};
		8B2E8EE31CA6D9AF005FAA04 /* Hamburguesas */ = {
			isa = PBXGroup;
			children = (
				8B2E8EE41CA6D9AF005FAA04 /* AppDelegate.swift */,
				8B2E8EE61CA6D9AF005FAA04 /* ViewController.swift */,
				8B2E8EE81CA6D9AF005FAA04 /* Main.storyboard */,
				8B2E8EEB1CA6D9AF005FAA04 /* Assets.xcassets */,
				8B2E8EED1CA6D9AF005FAA04 /* LaunchScreen.storyboard */,
				8B2E8EF01CA6D9B0005FAA04 /* Info.plist */,
				8B2E8EF61CA6D9C6005FAA04 /* Datos.swift */,
				8B2E8EFC1CA6F27C005FAA04 /* Hamburguesa.png */,
			);
			path = Hamburguesas;
			sourceTree = "<group>";
		};
/* End PBXGroup section */

/* Begin PBXNativeTarget section */
		8B2E8EE01CA6D9AF005FAA04 /* Hamburguesas */ = {
			isa = PBXNativeTarget;
			buildConfigurationList = 8B2E8EF31CA6D9B0005FAA04 /* Build configuration list for PBXNativeTarget "Hamburguesas" */;
			buildPhases = (
				8B2E8EDD1CA6D9AF005FAA04 /* Sources */,
				8B2E8EDE1CA6D9AF005FAA04 /* Frameworks */,
				8B2E8EDF1CA6D9AF005FAA04 /* Resources */,
			);
			buildRules = (
			);
			dependencies = (
			);
			name = Hamburguesas;
			productName = Hamburguesas;
			productReference = 8B2E8EE11CA6D9AF005FAA04 /* Hamburguesas.app */;
			productType = "com.apple.product-type.application";
		};
/* End PBXNativeTarget section */

/* Begin PBXProject section */
		8B2E8ED91CA6D9AF005FAA04 /* Project object */ = {
			isa = PBXProject;
			attributes = {
				LastSwiftUpdateCheck = 0730;
				LastUpgradeCheck = 0730;
				ORGANIZATIONNAME = "Jose Luis Garcia Dueñas";
				TargetAttributes = {
					8B2E8EE01CA6D9AF005FAA04 = {
						CreatedOnToolsVersion = 7.3;
						DevelopmentTeam = 682M5QZLPG;
					};
				};
			};
			buildConfigurationList = 8B2E8EDC1CA6D9AF005FAA04 /* Build configuration list for PBXProject "Hamburguesas" */;
			compatibilityVersion = "Xcode 3.2";
			developmentRegion = English;
			hasScannedForEncodings = 0;
			knownRegions = (
				en,
				Base,
			);
			mainGroup = 8B2E8ED81CA6D9AF005FAA04;
			productRefGroup = 8B2E8EE21CA6D9AF005FAA04 /* Products */;
			projectDirPath = "";
			projectRoot = "";
			targets = (
				8B2E8EE01CA6D9AF005FAA04 /* Hamburguesas */,
			);
		};
/* End PBXProject section */

/* Begin PBXResourcesBuildPhase section */
		8B2E8EDF1CA6D9AF005FAA04 /* Resources */ = {
			isa = PBXResourcesBuildPhase;
			buildActionMask = 2147483647;
			files = (
				8B2E8EEF1CA6D9AF005FAA04 /* LaunchScreen.storyboard in Resources */,
				8B2E8EEC1CA6D9AF005FAA04 /* Assets.xcassets in Resources */,
				8B2E8EFD1CA6F27C005FAA04 /* Hamburguesa.png in Resources */,
				8B2E8EEA1CA6D9AF005FAA04 /* Main.storyboard in Resources */,
			);
			runOnlyForDeploymentPostprocessing = 0;
		};
/* End PBXResourcesBuildPhase section */

/* Begin PBXSourcesBuildPhase section */
		8B2E8EDD1CA6D9AF005FAA04 /* Sources */ = {
			isa = PBXSourcesBuildPhase;
			buildActionMask = 2147483647;
			files = (
				8B2E8EE71CA6D9AF005FAA04 /* ViewController.swift in Sources */,
				8B2E8EE51CA6D9AF005FAA04 /* AppDelegate.swift in Sources */,
				8B2E8EF71CA6D9C6005FAA04 /* Datos.swift in Sources */,
			);
			runOnlyForDeploymentPostprocessing = 0;
		};
/* End PBXSourcesBuildPhase section */

/* Begin PBXVariantGroup section */
		8B2E8EE81CA6D9AF005FAA04 /* Main.storyboard */ = {
			isa = PBXVariantGroup;
			children = (
				8B2E8EE91CA6D9AF005FAA04 /* Base */,
			);
			name = Main.storyboard;
			sourceTree = "<group>";
		};
		8B2E8EED1CA6D9AF005FAA04 /* LaunchScreen.storyboard */ = {
			isa = PBXVariantGroup;
			children = (
				8B2E8EEE1CA6D9AF005FAA04 /* Base */,
			);
			name = LaunchScreen.storyboard;
			sourceTree = "<group>";
		};
/* End PBXVariantGroup section */

/* Begin XCBuildConfiguration section */
		8B2E8EF11CA6D9B0005FAA04 /* Debug */ = {
			isa = XCBuildConfiguration;
			buildSettings = {
				ALWAYS_SEARCH_USER_PATHS = NO;
				CLANG_ANALYZER_NONNULL = YES;
				CLANG_CXX_LANGUAGE_STANDARD = "gnu++0x";
				CLANG_CXX_LIBRARY = "libc++";
				CLANG_ENABLE_MODULES = YES;
				CLANG_ENABLE_OBJC_ARC = YES;
				CLANG_WARN_BOOL_CONVERSION = YES;
				CLANG_WARN_CONSTANT_CONVERSION = YES;
				CLANG_WARN_DIRECT_OBJC_ISA_USAGE = YES_ERROR;
				CLANG_WARN_EMPTY_BODY = YES;
				CLANG_WARN_ENUM_CONVERSION = YES;
				CLANG_WARN_INT_CONVERSION = YES;
				CLANG_WARN_OBJC_ROOT_CLASS = YES_ERROR;
				CLANG_WARN_UNREACHABLE_CODE = YES;
				CLANG_WARN__DUPLICATE_METHOD_MATCH = YES;
				"CODE_SIGN_IDENTITY[sdk=iphoneos*]" = "iPhone Developer";
				COPY_PHASE_STRIP = NO;
				DEBUG_INFORMATION_FORMAT = dwarf;
				ENABLE_STRICT_OBJC_MSGSEND = YES;
				ENABLE_TESTABILITY = YES;
				GCC_C_LANGUAGE_STANDARD = gnu99;
				GCC_DYNAMIC_NO_PIC = NO;
				GCC_NO_COMMON_BLOCKS = YES;
				GCC_OPTIMIZATION_LEVEL = 0;
				GCC_PREPROCESSOR_DEFINITIONS = (
					"DEBUG=1",
					"$(inherited)",
				);
				GCC_WARN_64_TO_32_BIT_CONVERSION = YES;
				GCC_WARN_ABOUT_RETURN_TYPE = YES_ERROR;
				GCC_WARN_UNDECLARED_SELECTOR = YES;
				GCC_WARN_UNINITIALIZED_AUTOS = YES_AGGRESSIVE;
				GCC_WARN_UNUSED_FUNCTION = YES;
				GCC_WARN_UNUSED_VARIABLE = YES;
				IPHONEOS_DEPLOYMENT_TARGET = 9.3;
				MTL_ENABLE_DEBUG_INFO = YES;
				ONLY_ACTIVE_ARCH = YES;
				SDKROOT = iphoneos;
				SWIFT_OPTIMIZATION_LEVEL = "-Onone";
				TARGETED_DEVICE_FAMILY = "1,2";
			};
			name = Debug;
		};
		8B2E8EF21CA6D9B0005FAA04 /* Release */ = {
			isa = XCBuildConfiguration;
			buildSettings = {
				ALWAYS_SEARCH_USER_PATHS = NO;
				CLANG_ANALYZER_NONNULL = YES;
				CLANG_CXX_LANGUAGE_STANDARD = "gnu++0x";
				CLANG_CXX_LIBRARY = "libc++";
				CLANG_ENABLE_MODULES = YES;
				CLANG_ENABLE_OBJC_ARC = YES;
				CLANG_WARN_BOOL_CONVERSION = YES;
				CLANG_WARN_CONSTANT_CONVERSION = YES;
				CLANG_WARN_DIRECT_OBJC_ISA_USAGE = YES_ERROR;
				CLANG_WARN_EMPTY_BODY = YES;
				CLANG_WARN_ENUM_CONVERSION = YES;
				CLANG_WARN_INT_CONVERSION = YES;
				CLANG_WARN_OBJC_ROOT_CLASS = YES_ERROR;
				CLANG_WARN_UNREACHABLE_CODE = YES;
				CLANG_WARN__DUPLICATE_METHOD_MATCH = YES;
				"CODE_SIGN_IDENTITY[sdk=iphoneos*]" = "iPhone Developer";
				COPY_PHASE_STRIP = NO;
				DEBUG_INFORMATION_FORMAT = "dwarf-with-dsym";
				ENABLE_NS_ASSERTIONS = NO;
				ENABLE_STRICT_OBJC_MSGSEND = YES;
				GCC_C_LANGUAGE_STANDARD = gnu99;
				GCC_NO_COMMON_BLOCKS = YES;
				GCC_WARN_64_TO_32_BIT_CONVERSION = YES;
				GCC_WARN_ABOUT_RETURN_TYPE = YES_ERROR;
				GCC_WARN_UNDECLARED_SELECTOR = YES;
				GCC_WARN_UNINITIALIZED_AUTOS = YES_AGGRESSIVE;
				GCC_WARN_UNUSED_FUNCTION = YES;
				GCC_WARN_UNUSED_VARIABLE = YES;
				IPHONEOS_DEPLOYMENT_TARGET = 9.3;
				MTL_ENABLE_DEBUG_INFO = NO;
				SDKROOT = iphoneos;
				TARGETED_DEVICE_FAMILY = "1,2";
				VALIDATE_PRODUCT = YES;
			};
			name = Release;
		};
		8B2E8EF41CA6D9B0005FAA04 /* Debug */ = {
			isa = XCBuildConfiguration;
			buildSettings = {
				ASSETCATALOG_COMPILER_APPICON_NAME = AppIcon;
				INFOPLIST_FILE = Hamburguesas/Info.plist;
				LD_RUNPATH_SEARCH_PATHS = "$(inherited) @executable_path/Frameworks";
				PRODUCT_BUNDLE_IDENTIFIER = JoseLuisGarcia.Hamburguesas;
				PRODUCT_NAME = "$(TARGET_NAME)";
			};
			name = Debug;
		};
		8B2E8EF51CA6D9B0005FAA04 /* Release */ = {
			isa = XCBuildConfiguration;
			buildSettings = {
				ASSETCATALOG_COMPILER_APPICON_NAME = AppIcon;
				INFOPLIST_FILE = Hamburguesas/Info.plist;
				LD_RUNPATH_SEARCH_PATHS = "$(inherited) @executable_path/Frameworks";
				PRODUCT_BUNDLE_IDENTIFIER = JoseLuisGarcia.Hamburguesas;
				PRODUCT_NAME = "$(TARGET_NAME)";
			};
			name = Release;
		};
/* End XCBuildConfiguration section */

/* Begin XCConfigurationList section */
		8B2E8EDC1CA6D9AF005FAA04 /* Build configuration list for PBXProject "Hamburguesas" */ = {
			isa = XCConfigurationList;
			buildConfigurations = (
				8B2E8EF11CA6D9B0005FAA04 /* Debug */,
				8B2E8EF21CA6D9B0005FAA04 /* Release */,
			);
			defaultConfigurationIsVisible = 0;
			defaultConfigurationName = Release;
		};
		8B2E8EF31CA6D9B0005FAA04 /* Build configuration list for PBXNativeTarget "Hamburguesas" */ = {
			isa = XCConfigurationList;
			buildConfigurations = (
				8B2E8EF41CA6D9B0005FAA04 /* Debug */,
				8B2E8EF51CA6D9B0005FAA04 /* Release */,
			);
			defaultConfigurationIsVisible = 0;
			defaultConfigurationName = Release;
		};
/* End XCConfigurationList section */
	};
	rootObject = 8B2E8ED91CA6D9AF005FAA04 /* Project object */;
}
